
Microsoft Visual Studio Solution File, Format Version 12.00
# Visual Studio 2012
Project("{FAE04EC0-301F-11D3-BF4B-00C04F79EFBC}") = "MemoryHog", "MemoryHog\MemoryHog.csproj", "{FA40A061-753E-4400-9799-C2CC8B6FE613}"
EndProject
Project("{FAE04EC0-301F-11D3-BF4B-00C04F79EFBC}") = "ProcessLauncher", "ProcessLauncher\ProcessLauncher.csproj", "{B36E1C65-C1EE-474A-AA93-9F19E4CB39D6}"
EndProject
Global
	GlobalSection(SolutionConfigurationPlatforms) = preSolution
		Debug|Any CPU = Debug|Any CPU
		Release|Any CPU = Release|Any CPU
	EndGlobalSection
	GlobalSection(ProjectConfigurationPlatforms) = postSolution
		{FA40A061-753E-4400-9799-C2CC8B6FE613}.Debug|Any CPU.ActiveCfg = Debug|Any CPU
		{FA40A061-753E-4400-9799-C2CC8B6FE613}.Debug|Any CPU.Build.0 = Debug|Any CPU
		{FA40A061-753E-4400-9799-C2CC8B6FE613}.Release|Any CPU.ActiveCfg = Release|Any CPU
		{FA40A061-753E-4400-9799-C2CC8B6FE613}.Release|Any CPU.Build.0 = Release|Any CPU
		{B36E1C65-C1EE-474A-AA93-9F19E4CB39D6}.Debug|Any CPU.ActiveCfg = Debug|Any CPU
		{B36E1C65-C1EE-474A-AA93-9F19E4CB39D6}.Debug|Any CPU.Build.0 = Debug|Any CPU
		{B36E1C65-C1EE-474A-AA93-9F19E4CB39D6}.Release|Any CPU.ActiveCfg = Release|Any CPU
		{B36E1C65-C1EE-474A-AA93-9F19E4CB39D6}.Release|Any CPU.Build.0 = Release|Any CPU
	EndGlobalSection
	GlobalSection(SolutionProperties) = preSolution
		HideSolutionNode = FALSE
	EndGlobalSection
EndGlobal
